// !$*UTF8*$!
{
	archiveVersion = 1;
	classes = {
	};
	objectVersion = 46;
	objects = {

/* Begin PBXBuildFile section */
		7D14B7431F8A467E009A02D3 /* AppDelegate.swift in Sources */ = {isa = PBXBuildFile; fileRef = 7D14B7421F8A467E009A02D3 /* AppDelegate.swift */; };
		7D14B7451F8A467E009A02D3 /* ViewController.swift in Sources */ = {isa = PBXBuildFile; fileRef = 7D14B7441F8A467E009A02D3 /* ViewController.swift */; };
		7D14B7481F8A467E009A02D3 /* Main.storyboard in Resources */ = {isa = PBXBuildFile; fileRef = 7D14B7461F8A467E009A02D3 /* Main.storyboard */; };
		7D14B74A1F8A467E009A02D3 /* Assets.xcassets in Resources */ = {isa = PBXBuildFile; fileRef = 7D14B7491F8A467E009A02D3 /* Assets.xcassets */; };
		7D14B74D1F8A467E009A02D3 /* LaunchScreen.storyboard in Resources */ = {isa = PBXBuildFile; fileRef = 7D14B74B1F8A467E009A02D3 /* LaunchScreen.storyboard */; };
		7D14B7581F8A467E009A02D3 /* calculatorTests.swift in Sources */ = {isa = PBXBuildFile; fileRef = 7D14B7571F8A467E009A02D3 /* calculatorTests.swift */; };
		7D14B7631F8A467E009A02D3 /* calculatorUITests.swift in Sources */ = {isa = PBXBuildFile; fileRef = 7D14B7621F8A467E009A02D3 /* calculatorUITests.swift */; };
/* End PBXBuildFile section */

/* Begin PBXContainerItemProxy section */
		7D14B7541F8A467E009A02D3 /* PBXContainerItemProxy */ = {
			isa = PBXContainerItemProxy;
			containerPortal = 7D14B7371F8A467E009A02D3 /* Project object */;
			proxyType = 1;
			remoteGlobalIDString = 7D14B73E1F8A467E009A02D3;
			remoteInfo = calculator;
		};
		7D14B75F1F8A467E009A02D3 /* PBXContainerItemProxy */ = {
			isa = PBXContainerItemProxy;
			containerPortal = 7D14B7371F8A467E009A02D3 /* Project object */;
			proxyType = 1;
			remoteGlobalIDString = 7D14B73E1F8A467E009A02D3;
			remoteInfo = calculator;
		};
/* End PBXContainerItemProxy section */

/* Begin PBXFileReference section */
		7D14B73F1F8A467E009A02D3 /* calculator.app */ = {isa = PBXFileReference; explicitFileType = wrapper.application; includeInIndex = 0; path = calculator.app; sourceTree = BUILT_PRODUCTS_DIR; };
		7D14B7421F8A467E009A02D3 /* AppDelegate.swift */ = {isa = PBXFileReference; lastKnownFileType = sourcecode.swift; path = AppDelegate.swift; sourceTree = "<group>"; };
		7D14B7441F8A467E009A02D3 /* ViewController.swift */ = {isa = PBXFileReference; lastKnownFileType = sourcecode.swift; path = ViewController.swift; sourceTree = "<group>"; };
		7D14B7471F8A467E009A02D3 /* Base */ = {isa = PBXFileReference; lastKnownFileType = file.storyboard; name = Base; path = Base.lproj/Main.storyboard; sourceTree = "<group>"; };
		7D14B7491F8A467E009A02D3 /* Assets.xcassets */ = {isa = PBXFileReference; lastKnownFileType = folder.assetcatalog; path = Assets.xcassets; sourceTree = "<group>"; };
		7D14B74C1F8A467E009A02D3 /* Base */ = {isa = PBXFileReference; lastKnownFileType = file.storyboard; name = Base; path = Base.lproj/LaunchScreen.storyboard; sourceTree = "<group>"; };
		7D14B74E1F8A467E009A02D3 /* Info.plist */ = {isa = PBXFileReference; lastKnownFileType = text.plist.xml; path = Info.plist; sourceTree = "<group>"; };
		7D14B7531F8A467E009A02D3 /* calculatorTests.xctest */ = {isa = PBXFileReference; explicitFileType = wrapper.cfbundle; includeInIndex = 0; path = calculatorTests.xctest; sourceTree = BUILT_PRODUCTS_DIR; };
		7D14B7571F8A467E009A02D3 /* calculatorTests.swift */ = {isa = PBXFileReference; lastKnownFileType = sourcecode.swift; path = calculatorTests.swift; sourceTree = "<group>"; };
		7D14B7591F8A467E009A02D3 /* Info.plist */ = {isa = PBXFileReference; lastKnownFileType = text.plist.xml; path = Info.plist; sourceTree = "<group>"; };
		7D14B75E1F8A467E009A02D3 /* calculatorUITests.xctest */ = {isa = PBXFileReference; explicitFileType = wrapper.cfbundle; includeInIndex = 0; path = calculatorUITests.xctest; sourceTree = BUILT_PRODUCTS_DIR; };
		7D14B7621F8A467E009A02D3 /* calculatorUITests.swift */ = {isa = PBXFileReference; lastKnownFileType = sourcecode.swift; path = calculatorUITests.swift; sourceTree = "<group>"; };
		7D14B7641F8A467E009A02D3 /* Info.plist */ = {isa = PBXFileReference; lastKnownFileType = text.plist.xml; path = Info.plist; sourceTree = "<group>"; };
/* End PBXFileReference section */

/* Begin PBXFrameworksBuildPhase section */
		7D14B73C1F8A467E009A02D3 /* Frameworks */ = {
			isa = PBXFrameworksBuildPhase;
			buildActionMask = 2147483647;
			files = (
			);
			runOnlyForDeploymentPostprocessing = 0;
		};
		7D14B7501F8A467E009A02D3 /* Frameworks */ = {
			isa = PBXFrameworksBuildPhase;
			buildActionMask = 2147483647;
			files = (
			);
			runOnlyForDeploymentPostprocessing = 0;
		};
		7D14B75B1F8A467E009A02D3 /* Frameworks */ = {
			isa = PBXFrameworksBuildPhase;
			buildActionMask = 2147483647;
			files = (
			);
			runOnlyForDeploymentPostprocessing = 0;
		};
/* End PBXFrameworksBuildPhase section */

/* Begin PBXGroup section */
		7D14B7361F8A467E009A02D3 = {
			isa = PBXGroup;
			children = (
				7D14B7411F8A467E009A02D3 /* calculator */,
				7D14B7561F8A467E009A02D3 /* calculatorTests */,
				7D14B7611F8A467E009A02D3 /* calculatorUITests */,
				7D14B7401F8A467E009A02D3 /* Products */,
			);
			sourceTree = "<group>";
		};
		7D14B7401F8A467E009A02D3 /* Products */ = {
			isa = PBXGroup;
			children = (
				7D14B73F1F8A467E009A02D3 /* calculator.app */,
				7D14B7531F8A467E009A02D3 /* calculatorTests.xctest */,
				7D14B75E1F8A467E009A02D3 /* calculatorUITests.xctest */,
			);
			name = Products;
			sourceTree = "<group>";
		};
		7D14B7411F8A467E009A02D3 /* calculator */ = {
			isa = PBXGroup;
			children = (
				7D14B7421F8A467E009A02D3 /* AppDelegate.swift */,
				7D14B7441F8A467E009A02D3 /* ViewController.swift */,
				7D14B7461F8A467E009A02D3 /* Main.storyboard */,
				7D14B7491F8A467E009A02D3 /* Assets.xcassets */,
				7D14B74B1F8A467E009A02D3 /* LaunchScreen.storyboard */,
				7D14B74E1F8A467E009A02D3 /* Info.plist */,
			);
			path = calculator;
			sourceTree = "<group>";
		};
		7D14B7561F8A467E009A02D3 /* calculatorTests */ = {
			isa = PBXGroup;
			children = (
				7D14B7571F8A467E009A02D3 /* calculatorTests.swift */,
				7D14B7591F8A467E009A02D3 /* Info.plist */,
			);
			path = calculatorTests;
			sourceTree = "<group>";
		};
		7D14B7611F8A467E009A02D3 /* calculatorUITests */ = {
			isa = PBXGroup;
			children = (
				7D14B7621F8A467E009A02D3 /* calculatorUITests.swift */,
				7D14B7641F8A467E009A02D3 /* Info.plist */,
			);
			path = calculatorUITests;
			sourceTree = "<group>";
		};
/* End PBXGroup section */

/* Begin PBXNativeTarget section */
		7D14B73E1F8A467E009A02D3 /* calculator */ = {
			isa = PBXNativeTarget;
			buildConfigurationList = 7D14B7671F8A467E009A02D3 /* Build configuration list for PBXNativeTarget "calculator" */;
			buildPhases = (
				7D14B73B1F8A467E009A02D3 /* Sources */,
				7D14B73C1F8A467E009A02D3 /* Frameworks */,
				7D14B73D1F8A467E009A02D3 /* Resources */,
			);
			buildRules = (
			);
			dependencies = (
			);
			name = calculator;
			productName = calculator;
			productReference = 7D14B73F1F8A467E009A02D3 /* calculator.app */;
			productType = "com.apple.product-type.application";
		};
		7D14B7521F8A467E009A02D3 /* calculatorTests */ = {
			isa = PBXNativeTarget;
			buildConfigurationList = 7D14B76A1F8A467E009A02D3 /* Build configuration list for PBXNativeTarget "calculatorTests" */;
			buildPhases = (
				7D14B74F1F8A467E009A02D3 /* Sources */,
				7D14B7501F8A467E009A02D3 /* Frameworks */,
				7D14B7511F8A467E009A02D3 /* Resources */,
			);
			buildRules = (
			);
			dependencies = (
				7D14B7551F8A467E009A02D3 /* PBXTargetDependency */,
			);
			name = calculatorTests;
			productName = calculatorTests;
			productReference = 7D14B7531F8A467E009A02D3 /* calculatorTests.xctest */;
			productType = "com.apple.product-type.bundle.unit-test";
		};
		7D14B75D1F8A467E009A02D3 /* calculatorUITests */ = {
			isa = PBXNativeTarget;
			buildConfigurationList = 7D14B76D1F8A467E009A02D3 /* Build configuration list for PBXNativeTarget "calculatorUITests" */;
			buildPhases = (
				7D14B75A1F8A467E009A02D3 /* Sources */,
				7D14B75B1F8A467E009A02D3 /* Frameworks */,
				7D14B75C1F8A467E009A02D3 /* Resources */,
			);
			buildRules = (
			);
			dependencies = (
				7D14B7601F8A467E009A02D3 /* PBXTargetDependency */,
			);
			name = calculatorUITests;
			productName = calculatorUITests;
			productReference = 7D14B75E1F8A467E009A02D3 /* calculatorUITests.xctest */;
			productType = "com.apple.product-type.bundle.ui-testing";
		};
/* End PBXNativeTarget section */

/* Begin PBXProject section */
		7D14B7371F8A467E009A02D3 /* Project object */ = {
			isa = PBXProject;
			attributes = {
				LastSwiftUpdateCheck = 0830;
				LastUpgradeCheck = 0830;
				ORGANIZATIONNAME = "Akshay Sharma";
				TargetAttributes = {
					7D14B73E1F8A467E009A02D3 = {
						CreatedOnToolsVersion = 8.3.3;
						ProvisioningStyle = Automatic;
					};
					7D14B7521F8A467E009A02D3 = {
						CreatedOnToolsVersion = 8.3.3;
						ProvisioningStyle = Automatic;
						TestTargetID = 7D14B73E1F8A467E009A02D3;
					};
					7D14B75D1F8A467E009A02D3 = {
						CreatedOnToolsVersion = 8.3.3;
						ProvisioningStyle = Automatic;
						TestTargetID = 7D14B73E1F8A467E009A02D3;
					};
				};
			};
			buildConfigurationList = 7D14B73A1F8A467E009A02D3 /* Build configuration list for PBXProject "calculator" */;
			compatibilityVersion = "Xcode 3.2";
			developmentRegion = English;
			hasScannedForEncodings = 0;
			knownRegions = (
				en,
				Base,
			);
			mainGroup = 7D14B7361F8A467E009A02D3;
			productRefGroup = 7D14B7401F8A467E009A02D3 /* Products */;
			projectDirPath = "";
			projectRoot = "";
			targets = (
				7D14B73E1F8A467E009A02D3 /* calculator */,
				7D14B7521F8A467E009A02D3 /* calculatorTests */,
				7D14B75D1F8A467E009A02D3 /* calculatorUITests */,
			);
		};
/* End PBXProject section */

/* Begin PBXResourcesBuildPhase section */
		7D14B73D1F8A467E009A02D3 /* Resources */ = {
			isa = PBXResourcesBuildPhase;
			buildActionMask = 2147483647;
			files = (
				7D14B74D1F8A467E009A02D3 /* LaunchScreen.storyboard in Resources */,
				7D14B74A1F8A467E009A02D3 /* Assets.xcassets in Resources */,
				7D14B7481F8A467E009A02D3 /* Main.storyboard in Resources */,
			);
			runOnlyForDeploymentPostprocessing = 0;
		};
		7D14B7511F8A467E009A02D3 /* Resources */ = {
			isa = PBXResourcesBuildPhase;
			buildActionMask = 2147483647;
			files = (
			);
			runOnlyForDeploymentPostprocessing = 0;
		};
		7D14B75C1F8A467E009A02D3 /* Resources */ = {
			isa = PBXResourcesBuildPhase;
			buildActionMask = 2147483647;
			files = (
			);
			runOnlyForDeploymentPostprocessing = 0;
		};
/* End PBXResourcesBuildPhase section */

/* Begin PBXSourcesBuildPhase section */
		7D14B73B1F8A467E009A02D3 /* Sources */ = {
			isa = PBXSourcesBuildPhase;
			buildActionMask = 2147483647;
			files = (
				7D14B7451F8A467E009A02D3 /* ViewController.swift in Sources */,
				7D14B7431F8A467E009A02D3 /* AppDelegate.swift in Sources */,
			);
			runOnlyForDeploymentPostprocessing = 0;
		};
		7D14B74F1F8A467E009A02D3 /* Sources */ = {
			isa = PBXSourcesBuildPhase;
			buildActionMask = 2147483647;
			files = (
				7D14B7581F8A467E009A02D3 /* calculatorTests.swift in Sources */,
			);
			runOnlyForDeploymentPostprocessing = 0;
		};
		7D14B75A1F8A467E009A02D3 /* Sources */ = {
			isa = PBXSourcesBuildPhase;
			buildActionMask = 2147483647;
			files = (
				7D14B7631F8A467E009A02D3 /* calculatorUITests.swift in Sources */,
			);
			runOnlyForDeploymentPostprocessing = 0;
		};
/* End PBXSourcesBuildPhase section */

/* Begin PBXTargetDependency section */
		7D14B7551F8A467E009A02D3 /* PBXTargetDependency */ = {
			isa = PBXTargetDependency;
			target = 7D14B73E1F8A467E009A02D3 /* calculator */;
			targetProxy = 7D14B7541F8A467E009A02D3 /* PBXContainerItemProxy */;
		};
		7D14B7601F8A467E009A02D3 /* PBXTargetDependency */ = {
			isa = PBXTargetDependency;
			target = 7D14B73E1F8A467E009A02D3 /* calculator */;
			targetProxy = 7D14B75F1F8A467E009A02D3 /* PBXContainerItemProxy */;
		};
/* End PBXTargetDependency section */

/* Begin PBXVariantGroup section */
		7D14B7461F8A467E009A02D3 /* Main.storyboard */ = {
			isa = PBXVariantGroup;
			children = (
				7D14B7471F8A467E009A02D3 /* Base */,
			);
			name = Main.storyboard;
			sourceTree = "<group>";
		};
		7D14B74B1F8A467E009A02D3 /* LaunchScreen.storyboard */ = {
			isa = PBXVariantGroup;
			children = (
				7D14B74C1F8A467E009A02D3 /* Base */,
			);
			name = LaunchScreen.storyboard;
			sourceTree = "<group>";
		};
/* End PBXVariantGroup section */

/* Begin XCBuildConfiguration section */
		7D14B7651F8A467E009A02D3 /* Debug */ = {
			isa = XCBuildConfiguration;
			buildSettings = {
				ALWAYS_SEARCH_USER_PATHS = NO;
				CLANG_ANALYZER_NONNULL = YES;
				CLANG_ANALYZER_NUMBER_OBJECT_CONVERSION = YES_AGGRESSIVE;
				CLANG_CXX_LANGUAGE_STANDARD = "gnu++0x";
				CLANG_CXX_LIBRARY = "libc++";
				CLANG_ENABLE_MODULES = YES;
				CLANG_ENABLE_OBJC_ARC = YES;
				CLANG_WARN_BOOL_CONVERSION = YES;
				CLANG_WARN_CONSTANT_CONVERSION = YES;
				CLANG_WARN_DIRECT_OBJC_ISA_USAGE = YES_ERROR;
				CLANG_WARN_DOCUMENTATION_COMMENTS = YES;
				CLANG_WARN_EMPTY_BODY = YES;
				CLANG_WARN_ENUM_CONVERSION = YES;
				CLANG_WARN_INFINITE_RECURSION = YES;
				CLANG_WARN_INT_CONVERSION = YES;
				CLANG_WARN_OBJC_ROOT_CLASS = YES_ERROR;
				CLANG_WARN_SUSPICIOUS_MOVE = YES;
				CLANG_WARN_UNREACHABLE_CODE = YES;
				CLANG_WARN__DUPLICATE_METHOD_MATCH = YES;
				"CODE_SIGN_IDENTITY[sdk=iphoneos*]" = "iPhone Developer";
				COPY_PHASE_STRIP = NO;
				DEBUG_INFORMATION_FORMAT = dwarf;
				ENABLE_STRICT_OBJC_MSGSEND = YES;
				ENABLE_TESTABILITY = YES;
				GCC_C_LANGUAGE_STANDARD = gnu99;
				GCC_DYNAMIC_NO_PIC = NO;
				GCC_NO_COMMON_BLOCKS = YES;
				GCC_OPTIMIZATION_LEVEL = 0;
				GCC_PREPROCESSOR_DEFINITIONS = (
					"DEBUG=1",
					"$(inherited)",
				);
				GCC_WARN_64_TO_32_BIT_CONVERSION = YES;
				GCC_WARN_ABOUT_RETURN_TYPE = YES_ERROR;
				GCC_WARN_UNDECLARED_SELECTOR = YES;
				GCC_WARN_UNINITIALIZED_AUTOS = YES_AGGRESSIVE;
				GCC_WARN_UNUSED_FUNCTION = YES;
				GCC_WARN_UNUSED_VARIABLE = YES;
				IPHONEOS_DEPLOYMENT_TARGET = 10.3;
				MTL_ENABLE_DEBUG_INFO = YES;
				ONLY_ACTIVE_ARCH = YES;
				SDKROOT = iphoneos;
				SWIFT_ACTIVE_COMPILATION_CONDITIONS = DEBUG;
				SWIFT_OPTIMIZATION_LEVEL = "-Onone";
				TARGETED_DEVICE_FAMILY = "1,2";
			};
			name = Debug;
		};
		7D14B7661F8A467E009A02D3 /* Release */ = {
			isa = XCBuildConfiguration;
			buildSettings = {
				ALWAYS_SEARCH_USER_PATHS = NO;
				CLANG_ANALYZER_NONNULL = YES;
				CLANG_ANALYZER_NUMBER_OBJECT_CONVERSION = YES_AGGRESSIVE;
				CLANG_CXX_LANGUAGE_STANDARD = "gnu++0x";
				CLANG_CXX_LIBRARY = "libc++";
				CLANG_ENABLE_MODULES = YES;
				CLANG_ENABLE_OBJC_ARC = YES;
				CLANG_WARN_BOOL_CONVERSION = YES;
				CLANG_WARN_CONSTANT_CONVERSION = YES;
				CLANG_WARN_DIRECT_OBJC_ISA_USAGE = YES_ERROR;
				CLANG_WARN_DOCUMENTATION_COMMENTS = YES;
				CLANG_WARN_EMPTY_BODY = YES;
				CLANG_WARN_ENUM_CONVERSION = YES;
				CLANG_WARN_INFINITE_RECURSION = YES;
				CLANG_WARN_INT_CONVERSION = YES;
				CLANG_WARN_OBJC_ROOT_CLASS = YES_ERROR;
				CLANG_WARN_SUSPICIOUS_MOVE = YES;
				CLANG_WARN_UNREACHABLE_CODE = YES;
				CLANG_WARN__DUPLICATE_METHOD_MATCH = YES;
				"CODE_SIGN_IDENTITY[sdk=iphoneos*]" = "iPhone Developer";
				COPY_PHASE_STRIP = NO;
				DEBUG_INFORMATION_FORMAT = "dwarf-with-dsym";
				ENABLE_NS_ASSERTIONS = NO;
				ENABLE_STRICT_OBJC_MSGSEND = YES;
				GCC_C_LANGUAGE_STANDARD = gnu99;
				GCC_NO_COMMON_BLOCKS = YES;
				GCC_WARN_64_TO_32_BIT_CONVERSION = YES;
				GCC_WARN_ABOUT_RETURN_TYPE = YES_ERROR;
				GCC_WARN_UNDECLARED_SELECTOR = YES;
				GCC_WARN_UNINITIALIZED_AUTOS = YES_AGGRESSIVE;
				GCC_WARN_UNUSED_FUNCTION = YES;
				GCC_WARN_UNUSED_VARIABLE = YES;
				IPHONEOS_DEPLOYMENT_TARGET = 10.3;
				MTL_ENABLE_DEBUG_INFO = NO;
				SDKROOT = iphoneos;
				SWIFT_OPTIMIZATION_LEVEL = "-Owholemodule";
				TARGETED_DEVICE_FAMILY = "1,2";
				VALIDATE_PRODUCT = YES;
			};
			name = Release;
		};
		7D14B7681F8A467E009A02D3 /* Debug */ = {
			isa = XCBuildConfiguration;
			buildSettings = {
				ASSETCATALOG_COMPILER_APPICON_NAME = AppIcon;
				INFOPLIST_FILE = calculator/Info.plist;
				LD_RUNPATH_SEARCH_PATHS = "$(inherited) @executable_path/Frameworks";
				PRODUCT_BUNDLE_IDENTIFIER = com.calculator;
				PRODUCT_NAME = "$(TARGET_NAME)";
				SWIFT_VERSION = 3.0;
			};
			name = Debug;
		};
		7D14B7691F8A467E009A02D3 /* Release */ = {
			isa = XCBuildConfiguration;
			buildSettings = {
				ASSETCATALOG_COMPILER_APPICON_NAME = AppIcon;
				INFOPLIST_FILE = calculator/Info.plist;
				LD_RUNPATH_SEARCH_PATHS = "$(inherited) @executable_path/Frameworks";
				PRODUCT_BUNDLE_IDENTIFIER = com.calculator;
				PRODUCT_NAME = "$(TARGET_NAME)";
				SWIFT_VERSION = 3.0;
			};
			name = Release;
		};
		7D14B76B1F8A467E009A02D3 /* Debug */ = {
			isa = XCBuildConfiguration;
			buildSettings = {
				ALWAYS_EMBED_SWIFT_STANDARD_LIBRARIES = YES;
				BUNDLE_LOADER = "$(TEST_HOST)";
				INFOPLIST_FILE = calculatorTests/Info.plist;
				LD_RUNPATH_SEARCH_PATHS = "$(inherited) @executable_path/Frameworks @loader_path/Frameworks";
				PRODUCT_BUNDLE_IDENTIFIER = com.calculatorTests;
				PRODUCT_NAME = "$(TARGET_NAME)";
				SWIFT_VERSION = 3.0;
				TEST_HOST = "$(BUILT_PRODUCTS_DIR)/calculator.app/calculator";
			};
			name = Debug;
		};
		7D14B76C1F8A467E009A02D3 /* Release */ = {
			isa = XCBuildConfiguration;
			buildSettings = {
				ALWAYS_EMBED_SWIFT_STANDARD_LIBRARIES = YES;
				BUNDLE_LOADER = "$(TEST_HOST)";
				INFOPLIST_FILE = calculatorTests/Info.plist;
				LD_RUNPATH_SEARCH_PATHS = "$(inherited) @executable_path/Frameworks @loader_path/Frameworks";
				PRODUCT_BUNDLE_IDENTIFIER = com.calculatorTests;
				PRODUCT_NAME = "$(TARGET_NAME)";
				SWIFT_VERSION = 3.0;
				TEST_HOST = "$(BUILT_PRODUCTS_DIR)/calculator.app/calculator";
			};
			name = Release;
		};
		7D14B76E1F8A467E009A02D3 /* Debug */ = {
			isa = XCBuildConfiguration;
			buildSettings = {
				ALWAYS_EMBED_SWIFT_STANDARD_LIBRARIES = YES;
				INFOPLIST_FILE = calculatorUITests/Info.plist;
				LD_RUNPATH_SEARCH_PATHS = "$(inherited) @executable_path/Frameworks @loader_path/Frameworks";
				PRODUCT_BUNDLE_IDENTIFIER = com.calculatorUITests;
				PRODUCT_NAME = "$(TARGET_NAME)";
				SWIFT_VERSION = 3.0;
				TEST_TARGET_NAME = calculator;
			};
			name = Debug;
		};
		7D14B76F1F8A467E009A02D3 /* Release */ = {
			isa = XCBuildConfiguration;
			buildSettings = {
				ALWAYS_EMBED_SWIFT_STANDARD_LIBRARIES = YES;
				INFOPLIST_FILE = calculatorUITests/Info.plist;
				LD_RUNPATH_SEARCH_PATHS = "$(inherited) @executable_path/Frameworks @loader_path/Frameworks";
				PRODUCT_BUNDLE_IDENTIFIER = com.calculatorUITests;
				PRODUCT_NAME = "$(TARGET_NAME)";
				SWIFT_VERSION = 3.0;
				TEST_TARGET_NAME = calculator;
			};
			name = Release;
		};
/* End XCBuildConfiguration section */

/* Begin XCConfigurationList section */
		7D14B73A1F8A467E009A02D3 /* Build configuration list for PBXProject "calculator" */ = {
			isa = XCConfigurationList;
			buildConfigurations = (
				7D14B7651F8A467E009A02D3 /* Debug */,
				7D14B7661F8A467E009A02D3 /* Release */,
			);
			defaultConfigurationIsVisible = 0;
			defaultConfigurationName = Release;
		};
		7D14B7671F8A467E009A02D3 /* Build configuration list for PBXNativeTarget "calculator" */ = {
			isa = XCConfigurationList;
			buildConfigurations = (
				7D14B7681F8A467E009A02D3 /* Debug */,
				7D14B7691F8A467E009A02D3 /* Release */,
			);
			defaultConfigurationIsVisible = 0;
		};
		7D14B76A1F8A467E009A02D3 /* Build configuration list for PBXNativeTarget "calculatorTests" */ = {
			isa = XCConfigurationList;
			buildConfigurations = (
				7D14B76B1F8A467E009A02D3 /* Debug */,
				7D14B76C1F8A467E009A02D3 /* Release */,
			);
			defaultConfigurationIsVisible = 0;
		};
		7D14B76D1F8A467E009A02D3 /* Build configuration list for PBXNativeTarget "calculatorUITests" */ = {
			isa = XCConfigurationList;
			buildConfigurations = (
				7D14B76E1F8A467E009A02D3 /* Debug */,
				7D14B76F1F8A467E009A02D3 /* Release */,
			);
			defaultConfigurationIsVisible = 0;
		};
/* End XCConfigurationList section */
	};
	rootObject = 7D14B7371F8A467E009A02D3 /* Project object */;
}
